lockfileVersion: '9.0'

settings:
  autoInstallPeers: false
  excludeLinksFromLockfile: false

importers:

  .: {}

  host:
    dependencies:
      '@modern-js/app-tools':
        specifier: link:../../../../packages/solutions/app-tools
        version: link:../../../../packages/solutions/app-tools
      '@modern-js/runtime':
        specifier: link:../../../../packages/runtime/plugin-runtime
        version: link:../../../../packages/runtime/plugin-runtime
      '@modern-js/server-runtime':
        specifier: link:../../../../packages/server/server-runtime
        version: link:../../../../packages/server/server-runtime
      '@module-federation/modern-js-v3':
        specifier: link:../../../../../core-bridge-ssr-demo/packages/modernjs-v3
        version: link:../../../../../core-bridge-ssr-demo/packages/modernjs-v3
      react:
        specifier: 19.2.8
        version: 19.2.8
      react-dom:
        specifier: 19.2.8
        version: 19.2.8(react@19.2.8)
      react-router:
        specifier: 7.15.0
        version: 7.15.0(react-dom@19.2.8(react@19.2.8))(react@19.2.8)
      react-router-dom:
        specifier: 7.15.0
        version: 7.15.0(react-dom@19.2.8(react@19.2.8))(react@19.2.8)
    devDependencies:
      '@modern-js/tsconfig':
        specifier: link:../../../../packages/tsconfig
        version: link:../../../../packages/tsconfig
      '@types/node':
        specifier: ^24
        version: 24.13.6
      '@types/react':
        specifier: 19.2.17
        version: 19.2.17
      '@types/react-dom':
        specifier: 19.2.3
        version: 19.2.3(@types/react@19.2.17)
      http-server:
        specifier: 14.1.1
        version: 14.1.1
      typescript:
        specifier: ~5.8.3
        version: 5.8.3

  inventory-app:
    dependencies:
      '@modern-js/app-tools':
        specifier: link:../../../../packages/solutions/app-tools
        version: link:../../../../packages/solutions/app-tools
      '@modern-js/runtime':
        specifier: link:../../../../packages/runtime/plugin-runtime
        version: link:../../../../packages/runtime/plugin-runtime
      '@modern-js/server-runtime':
        specifier: link:../../../../packages/server/server-runtime
        version: link:../../../../packages/server/server-runtime
      '@module-federation/modern-js-v3':
        specifier: link:../../../../../core-bridge-ssr-demo/packages/modernjs-v3
        version: link:../../../../../core-bridge-ssr-demo/packages/modernjs-v3
      react:
        specifier: 19.2.8
        version: 19.2.8
      react-dom:
        specifier: 19.2.8
        version: 19.2.8(react@19.2.8)
      react-router:
        specifier: 7.15.0
        version: 7.15.0(react-dom@19.2.8(react@19.2.8))(react@19.2.8)
      react-router-dom:
        specifier: 7.15.0
        version: 7.15.0(react-dom@19.2.8(react@19.2.8))(react@19.2.8)
    devDependencies:
      '@modern-js/tsconfig':
        specifier: link:../../../../packages/tsconfig
        version: link:../../../../packages/tsconfig
      '@types/node':
        specifier: ^24
        version: 24.13.6
      '@types/react':
        specifier: 19.2.17
        version: 19.2.17
      '@types/react-dom':
        specifier: 19.2.3
        version: 19.2.3(@types/react@19.2.17)
      http-server:
        specifier: 14.1.1
        version: 14.1.1
      typescript:
        specifier: ~5.8.3
        version: 5.8.3

  product-app:
    dependencies:
      '@modern-js/app-tools':
        specifier: link:../../../../packages/solutions/app-tools
        version: link:../../../../packages/solutions/app-tools
      '@modern-js/runtime':
        specifier: link:../../../../packages/runtime/plugin-runtime
        version: link:../../../../packages/runtime/plugin-runtime
      '@modern-js/server-runtime':
        specifier: link:../../../../packages/server/server-runtime
        version: link:../../../../packages/server/server-runtime
      '@module-federation/modern-js-v3':
        specifier: link:../../../../../core-bridge-ssr-demo/packages/modernjs-v3
        version: link:../../../../../core-bridge-ssr-demo/packages/modernjs-v3
      react:
        specifier: 18.3.1
        version: 18.3.1
      react-dom:
        specifier: 18.3.1
        version: 18.3.1(react@18.3.1)
      react-router:
        specifier: 7.15.0
        version: 7.15.0(react-dom@18.3.1(react@18.3.1))(react@18.3.1)
      react-router-dom:
        specifier: 7.15.0
        version: 7.15.0(react-dom@18.3.1(react@18.3.1))(react@18.3.1)
    devDependencies:
      '@modern-js/tsconfig':
        specifier: link:../../../../packages/tsconfig
        version: link:../../../../packages/tsconfig
      '@types/node':
        specifier: ^24
        version: 24.13.6
      '@types/react':
        specifier: 18.3.18
        version: 18.3.18
      '@types/react-dom':
        specifier: 18.3.5
        version: 18.3.5(@types/react@18.3.18)
      http-server:
        specifier: 14.1.1
        version: 14.1.1
      typescript:
        specifier: ~5.8.3
        version: 5.8.3

packages:

  '@types/node@24.13.6':
    resolution: {integrity: sha512-SGrw/h3KPFshy3OE6ZL53LMBG5vGQQ8/gIpiqz/kRZhPJ7HgwCEs8LBuNtWLa8dvGZVpSF7+Bf+c11HUrCb/yg==}

  '@types/prop-types@15.7.15':
    resolution: {integrity: sha512-F6bEyamV9jKGAFBEmlQnesRPGOQqS2+Uwi0Em15xenOxHaf2hv6L8YCVn3rPdPJOiJfPiCnLIRyvwVaqMY3MIw==}

  '@types/react-dom@18.3.5':
    resolution: {integrity: sha512-P4t6saawp+b/dFrUr2cvkVsfvPguwsxtH6dNIYRllMsefqFzkZk5UIjzyDOv5g1dXIPdG4Sp1yCR4Z6RCUsG/Q==}
    peerDependencies:
      '@types/react': ^18.0.0

  '@types/react-dom@19.2.3':
    resolution: {integrity: sha512-jp2L/eY6fn+KgVVQAOqYItbF0VY/YApe5Mz2F0aykSO8gx31bYCZyvSeYxCHKvzHG5eZjc+zyaS5BrBWya2+kQ==}
    peerDependencies:
      '@types/react': ^19.2.0

  '@types/react@18.3.18':
    resolution: {integrity: sha512-t4yC+vtgnkYjNSKlFx1jkAhH8LgTo2N/7Qvi83kdEaUtMDiwpbLAktKDaAMlRcJ5eSxZkH74eEGt1ky31d7kfQ==}

  '@types/react@19.2.17':
    resolution: {integrity: sha512-MXfmqaVPEVgkBT/aY0aGCkRWWtByiYQXo3xdQ8r5RzuFrPiRn8Gar2tQdXSUQ2GKV3bkXckek89V8wQBY2Q/Aw==}

  ansi-styles@4.3.0:
    resolution: {integrity: sha512-zbB9rCJAT1rbjiVDb2hqKFHNYLxgtk8NURxZ3IZwD3F6NtxbXZQCnnSi1Lkx+IDohdPlFp222wVALIheZJQSEg==}
    engines: {node: '>=8'}

  async@3.2.6:
    resolution: {integrity: sha512-htCUDlxyyCLMgaM3xXg0C0LW2xqfuQ6p05pCEIsXuyQ+a1koYKTuBMzRNwmybfLgvJDMd0r1LTn4+E0Ti6C2AA==}

  basic-auth@2.0.1:
    resolution: {integrity: sha512-NF+epuEdnUYVlGuhaxbbq+dvJttwLnGY+YixlXlME5KpQ5W3CnXA5cVTneY3SPbPDRkcjMbifrwmFYcClgOZeg==}
    engines: {node: '>= 0.8'}

  call-bind-apply-helpers@1.0.2:
    resolution: {integrity: sha512-Sp1ablJ0ivDkSzjcaJdxEunN5/XvksFJ2sMBFfq6x0ryhQV/2b/KwFe21cMpmHtPOSij8K99/wSfoEuTObmuMQ==}
    engines: {node: '>= 0.4'}

  call-bound@1.0.4:
    resolution: {integrity: sha512-+ys997U96po4Kx/ABpBCqhA9EuxJaQWDQg7295H4hBphv3IZg0boBKuwYpt4YXp6MZ5AmZQnU/tyMTlRpaSejg==}
    engines: {node: '>= 0.4'}

  chalk@4.1.2:
    resolution: {integrity: sha512-oKnbhFyRIXpUuez8iBMmyEa4nbj4IOQyuhc/wy9kY7/WVPcwIO9VA668Pu8RkO7+0G76SLROeyw9CpQ061i4mA==}
    engines: {node: '>=10'}

  color-convert@2.0.1:
    resolution: {integrity: sha512-RRECPsj7iu/xb5oKYcsFHSppFNnsj/52OVTRKb4zP5onXwVF3zVmmToNcOfGC+CRDpfK/U584fMg38ZHCaElKQ==}
    engines: {node: '>=7.0.0'}

  color-name@1.1.4:
    resolution: {integrity: sha512-dOy+3AuW3a2wNbZHIuMZpTcgjGuLU/uBL/ubcZF9OXbDo8ff4O8yVp5Bf0efS8uEoYo5q4Fx7dY9OgQGXgAsQA==}

  cookie@1.1.1:
    resolution: {integrity: sha512-ei8Aos7ja0weRpFzJnEA9UHJ/7XQmqglbRwnf2ATjcB9Wq874VKH9kfjjirM6UhU2/E5fFYadylyhFldcqSidQ==}
    engines: {node: '>=18'}

  corser@2.0.1:
    resolution: {integrity: sha512-utCYNzRSQIZNPIcGZdQc92UVJYAhtGAteCFg0yRaFm8f0P+CPtyGyHXJcGXnffjCybUCEx3FQ2G7U3/o9eIkVQ==}
    engines: {node: '>= 0.4.0'}

  csstype@3.2.3:
    resolution: {integrity: sha512-z1HGKcYy2xA8AGQfwrn0PAy+PB7X/GSj3UVJW9qKyn43xWa+gl5nXmU4qqLMRzWVLFC8KusUX8T/0kCiOYpAIQ==}

  debug@4.4.3:
    resolution: {integrity: sha512-RGwwWnwQvkVfavKVt22FGLw+xYSdzARwm0ru6DhTVA3umU5hZc28V3kO4stgYryrTlLpuvgI9GiijltAjNbcqA==}
    engines: {node: '>=6.0'}
    peerDependencies:
      supports-color: '*'
    peerDependenciesMeta:
      supports-color:
        optional: true

  dunder-proto@1.0.1:
    resolution: {integrity: sha512-KIN/nDJBQRcXw0MLVhZE9iQHmG68qAVIBg9CqmUYjmQIhgij9U5MFvrqkUL5FbtyyzZuOeOt0zdeRe4UY7ct+A==}
    engines: {node: '>= 0.4'}

  es-define-property@1.0.1:
    resolution: {integrity: sha512-e3nRfgfUZ4rNGL232gUgX06QNyyez04KdjFrF+LTRoOXmrOgFKDg4BCdsjW8EnT69eqdYGmRpJwiPVYNrCaW3g==}
    engines: {node: '>= 0.4'}

  es-errors@1.3.0:
    resolution: {integrity: sha512-Zf5H2Kxt2xjTvbJvP2ZWLEICxA6j+hAmMzIlypy4xcBg1vKVnx89Wy0GbS+kf5cwCVFFzdCFh2XSCFNULS6csw==}
    engines: {node: '>= 0.4'}

  es-object-atoms@1.1.2:
    resolution: {integrity: sha512-HWcBoN6NileqtSydK2FqHbS/LoDd2pqrnQHLyJzBj4kOp/ky2MWMN694xOfkK8/SnUsW2DH7EfyVlydKCsm1Zw==}
    engines: {node: '>= 0.4'}

  eventemitter3@4.0.7:
    resolution: {integrity: sha512-8guHBZCwKnFhYdHr2ysuRWErTwhoN2X8XELRlrRwpmfeY2jjuUN4taQMsULKUVo1K4DvZl+0pgfyoysHxvmvEw==}

  follow-redirects@1.16.0:
    resolution: {integrity: sha512-y5rN/uOsadFT/JfYwhxRS5R7Qce+g3zG97+JrtFZlC9klX/W5hD7iiLzScI4nZqUS7DNUdhPgw4xI8W2LuXlUw==}
    engines: {node: '>=4.0'}
    peerDependencies:
      debug: '*'
    peerDependenciesMeta:
      debug:
        optional: true

  function-bind@1.1.2:
    resolution: {integrity: sha512-7XHNxH7qX9xG5mIwxkhumTox/MIRNcOgDrxWsMt2pAr23WHp6MrRlN7FBSFpCpr+oVO0F744iUgR82nJMfG2SA==}

  get-intrinsic@1.3.0:
    resolution: {integrity: sha512-9fSjSaos/fRIVIp+xSJlE6lfwhES7LNtKaCBIamHsjr2na1BiABJPo0mOjjz8GJDURarmCPGqaiVg5mfjb98CQ==}
    engines: {node: '>= 0.4'}

  get-proto@1.0.1:
    resolution: {integrity: sha512-sTSfBjoXBp89JvIKIefqw7U2CCebsc74kiY6awiGogKtoSGbgjYE/G/+l9sF3MWFPNc9IcoOC4ODfKHfxFmp0g==}
    engines: {node: '>= 0.4'}

  gopd@1.2.0:
    resolution: {integrity: sha512-ZUKRh6/kUFoAiTAtTYPZJ3hw9wNxx+BIBOijnlG9PnrJsCcSjs1wyyD6vJpaYtgnzDrKYRSqf3OO6Rfa93xsRg==}
    engines: {node: '>= 0.4'}

  has-flag@4.0.0:
    resolution: {integrity: sha512-EykJT/Q1KjTWctppgIAgfSO0tKVuZUjhgMr17kqTumMl6Afv3EISleU7qZUzoXDFTAHTDC4NOoG/ZxU3EvlMPQ==}
    engines: {node: '>=8'}

  has-symbols@1.1.0:
    resolution: {integrity: sha512-1cDNdwJ2Jaohmb3sg4OmKaMBwuC48sYni5HUw2DvsC8LjGTLK9h+eb1X6RyuOHe4hT0ULCW68iomhjUoKUqlPQ==}
    engines: {node: '>= 0.4'}

  hasown@2.0.4:
    resolution: {integrity: sha512-T2UbfbBEF32wiepXIsMlTW9+dDYC6wMh/t/vYA4tuOMKqWz/n3vr1NFSxQiyP+zk2mXsoMA/i/7qV6LKut1t1A==}
    engines: {node: '>= 0.4'}

  he@1.2.0:
    resolution: {integrity: sha512-F/1DnUGPopORZi0ni+CvrCgHQ5FyEAHRLSApuYWMmrbSwoN2Mn/7k+Gl38gJnR7yyDZk6WLXwiGod1JOWNDKGw==}
    hasBin: true

  html-encoding-sniffer@3.0.0:
    resolution: {integrity: sha512-oWv4T4yJ52iKrufjnyZPkrN0CH3QnrUqdB6In1g5Fe1mia8GmF36gnfNySxoZtxD5+NmYw1EElVXiBk93UeskA==}
    engines: {node: '>=12'}

  http-proxy@1.18.1:
    resolution: {integrity: sha512-7mz/721AbnJwIVbnaSv1Cz3Am0ZLT/UBwkC92VlxhXv/k/BBQfM2fXElQNC27BVGr0uwUpplYPQM9LnaBMR5NQ==}
    engines: {node: '>=8.0.0'}

  http-server@14.1.1:
    resolution: {integrity: sha512-+cbxadF40UXd9T01zUHgA+rlo2Bg1Srer4+B4NwIHdaGxAGGv59nYRnGGDJ9LBk7alpS0US+J+bLLdQOOkJq4A==}
    engines: {node: '>=12'}
    hasBin: true

  iconv-lite@0.6.3:
    resolution: {integrity: sha512-4fCk79wshMdzMp2rH06qWrJE4iolqLhCUH+OiuIgU++RB0+94NlDL81atO7GX55uUKueo0txHNtvEyI6D7WdMw==}
    engines: {node: '>=0.10.0'}

  js-tokens@4.0.0:
    resolution: {integrity: sha512-RdJUflcE3cUzKiMqQgsCu06FPu9UdIJO0beYbPhHN4k6apgJtifcoCtT9bcxOpYBtpD2kCM6Sbzg4CausW/PKQ==}

  loose-envify@1.4.0:
    resolution: {integrity: sha512-lyuxPGr/Wfhrlem2CL/UcnUc1zcqKAImBDzukY7Y5F/yQiNdko6+fRLevlw1HgMySw7f611UIY408EtxRSoK3Q==}
    hasBin: true

  math-intrinsics@1.1.0:
    resolution: {integrity: sha512-/IXtbwEk5HTPyEwyKX6hGkYXxM9nbj64B+ilVJnC/R6B0pH5G4V3b0pVbL7DBj4tkhBAppbQUlf6F6Xl9LHu1g==}
    engines: {node: '>= 0.4'}

  mime@1.6.0:
    resolution: {integrity: sha512-x0Vn8spI+wuJ1O6S7gnbaQg8Pxh4NNHb7KSINmEWKiPE4RKOplvijn+NkmYmmRgP68mc70j2EbeTFRsrswaQeg==}
    engines: {node: '>=4'}
    hasBin: true

  minimist@1.2.8:
    resolution: {integrity: sha512-2yyAR8qBkN3YuheJanUpWC5U3bb5osDywNB8RzDVlDwDHbocAJveqqj1u8+SVD7jkWT4yvsHCpWqqWqAxb0zCA==}

  ms@2.1.3:
    resolution: {integrity: sha512-6FlzubTLZG3J2a/NVCAleEhjzq5oxgHyaCU9yYXvcLsvoVaHJq/s5xXI6/XXP6tz7R9xAOtHnSO/tXtF3WRTlA==}

  object-inspect@1.13.4:
    resolution: {integrity: sha512-W67iLl4J2EXEGTbfeHCffrjDfitvLANg0UlX3wFUUSTx92KXRFegMHUVgSqE+wvhAbi4WqjGg9czysTV2Epbew==}
    engines: {node: '>= 0.4'}

  opener@1.5.2:
    resolution: {integrity: sha512-ur5UIdyw5Y7yEj9wLzhqXiy6GZ3Mwx0yGI+5sMn2r0N0v3cKJvUmFH5yPP+WXh9e0xfyzyJX95D8l088DNFj7A==}
    hasBin: true

  portfinder@1.0.38:
    resolution: {integrity: sha512-rEwq/ZHlJIKw++XtLAO8PPuOQA/zaPJOZJ37BVuN97nLpMJeuDVLVGRwbFoBgLudgdTMP2hdRJP++H+8QOA3vg==}
    engines: {node: '>= 10.12'}

  qs@6.16.0:
    resolution: {integrity: sha512-h6fhOIaRrID2CbEY2fqs+7t+UXZo+MLAnU5gRIq85uFtdiUPCdsApMlHhXogKVM4HM2DVbIjGNTTYH2OcmP1vA==}
    engines: {node: '>=0.6'}

  react-dom@18.3.1:
    resolution: {integrity: sha512-5m4nQKp+rZRb09LNH59GM4BxTh9251/ylbKIbpe7TpGxfJ+9kv6BLkLBXIjjspbgbnIBNqlI23tRnTWT0snUIw==}
    peerDependencies:
      react: ^18.3.1

  react-dom@19.2.8:
    resolution: {integrity: sha512-rVprimfGBG3DR+Tq0IQG2DT5PxKth1WIGDmj5yPmlzr4YBe7uyE+Du4oVqTDXZSHGGGXRtTJEGSSePyQCMBglQ==}
    peerDependencies:
      react: ^19.2.8

  react-router-dom@7.15.0:
    resolution: {integrity: sha512-VcrVg64Fo8nwBvDscajG8gRTLIuTC6N50nb22l2HOOV4PTOHgoGp8mUjy9wLiHYoYTSYI36tUnXZgasSRFZorQ==}
    engines: {node: '>=20.0.0'}
    peerDependencies:
      react: '>=18'
      react-dom: '>=18'

  react-router@7.15.0:
    resolution: {integrity: sha512-HW9vYwuM8f4yx66Izy8xfrzCM+SBJluoZcCbww9A1TySax11S5Vgw6fi3ZjMONw9J4gQwngL7PzkyIpJJpJ7RQ==}
    engines: {node: '>=20.0.0'}
    peerDependencies:
      react: '>=18'
      react-dom: '>=18'
    peerDependenciesMeta:
      react-dom:
        optional: true

  react@18.3.1:
    resolution: {integrity: sha512-wS+hAgJShR0KhEvPJArfuPVN1+Hz1t0Y6n5jLrGQbkb4urgPE/0Rve+1kMB1v/oWgHgm4WIcV+i7F2pTVj+2iQ==}
    engines: {node: '>=0.10.0'}

  react@19.2.8:
    resolution: {integrity: sha512-PWaYA1L/q9u2u7xYQi+Y3L3Yfnie7XyLeaJICV1MGD6LprsBxcAqGjYyr0eY3p+QdsA+x/Irkt4Qif8D63+Sbw==}
    engines: {node: '>=0.10.0'}

  requires-port@1.0.0:
    resolution: {integrity: sha512-KigOCHcocU3XODJxsu8i/j8T9tzT4adHiecwORRQ0ZZFcp7ahwXuRU1m+yuO90C5ZUyGeGfocHDI14M3L3yDAQ==}

  safe-buffer@5.1.2:
    resolution: {integrity: sha512-Gd2UZBJDkXlY7GbJxfsE8/nvKkUEU1G38c1siN6QP6a9PT9MmHB8GnpscSmMJSoF8LOIrt8ud/wPtojys4G6+g==}

  safer-buffer@2.1.2:
    resolution: {integrity: sha512-YZo3K82SD7Riyi0E1EQPojLz7kpepnSQI9IyPbHHg1XXXevb5dJI7tpyN2ADxGcQbHG7vcyRHk0cbwqcQriUtg==}

  scheduler@0.23.2:
    resolution: {integrity: sha512-UOShsPwz7NrMUqhR6t0hWjFduvOzbtv7toDH1/hIrfRNIDBnnBWd0CwJTGvTpngVlmwGCdP9/Zl/tVrDqcuYzQ==}

  scheduler@0.27.0:
    resolution: {integrity: sha512-eNv+WrVbKu1f3vbYJT/xtiF5syA5HPIMtf9IgY/nKg0sWqzAUEvqY/xm7OcZc/qafLx/iO9FgOmeSAp4v5ti/Q==}

  secure-compare@3.0.1:
    resolution: {integrity: sha512-AckIIV90rPDcBcglUwXPF3kg0P0qmPsPXAj6BBEENQE1p5yA1xfmDJzfi1Tappj37Pv2mVbKpL3Z1T+Nn7k1Qw==}

  set-cookie-parser@2.7.2:
    resolution: {integrity: sha512-oeM1lpU/UvhTxw+g3cIfxXHyJRc/uidd3yK1P242gzHds0udQBYzs3y8j4gCCW+ZJ7ad0yctld8RYO+bdurlvw==}

  side-channel-list@1.0.1:
    resolution: {integrity: sha512-mjn/0bi/oUURjc5Xl7IaWi/OJJJumuoJFQJfDDyO46+hBWsfaVM65TBHq2eoZBhzl9EchxOijpkbRC8SVBQU0w==}
    engines: {node: '>= 0.4'}

  side-channel-map@1.0.1:
    resolution: {integrity: sha512-VCjCNfgMsby3tTdo02nbjtM/ewra6jPHmpThenkTYh8pG9ucZ/1P8So4u4FGBek/BjpOVsDCMoLA/iuBKIFXRA==}
    engines: {node: '>= 0.4'}

  side-channel-weakmap@1.0.2:
    resolution: {integrity: sha512-WPS/HvHQTYnHisLo9McqBHOJk2FkHO/tlpvldyrnem4aeQp4hai3gythswg6p01oSoTl58rcpiFAjF2br2Ak2A==}
    engines: {node: '>= 0.4'}

  side-channel@1.1.1:
    resolution: {integrity: sha512-6x6dK6zJdpTzF4sQeNYxwtvBzf6Eg4GtlesS94HOvTudUeyK2WXAaIfmDgsyslYrRBeFIlsi54AYsFGUuhmvrQ==}
    engines: {node: '>= 0.4'}

  supports-color@7.2.0:
    resolution: {integrity: sha512-qpCAvRl9stuOHveKsn7HncJRvv501qIacKzQlO/+Lwxc9+0q2wLyv4Dfvt80/DPn2pqOBsJdDiogXGR9+OvwRw==}
    engines: {node: '>=8'}

  typescript@5.8.3:
    resolution: {integrity: sha512-p1diW6TqL9L07nNxvRMM7hMMw4c5XOo/1ibL4aAIGmSAt9slTE1Xgw5KWuof2uTOvCg9BY7ZRi+GaF+7sfgPeQ==}
    engines: {node: '>=14.17'}
    hasBin: true

  undici-types@7.18.2:
    resolution: {integrity: sha512-AsuCzffGHJybSaRrmr5eHr81mwJU3kjw6M+uprWvCXiNeN9SOGwQ3Jn8jb8m3Z6izVgknn1R0FTCEAP2QrLY/w==}

  union@0.5.0:
    resolution: {integrity: sha512-N6uOhuW6zO95P3Mel2I2zMsbsanvvtgn6jVqJv4vbVcz/JN0OkL9suomjQGmWtxJQXOCqUJvquc1sMeNz/IwlA==}
    engines: {node: '>= 0.8.0'}

  url-join@4.0.1:
    resolution: {integrity: sha512-jk1+QP6ZJqyOiuEI9AEWQfju/nB2Pw466kbA0LEZljHwKeMgd9WrAEgEGxjPDD2+TNbbb37rTyhEfrCXfuKXnA==}

  whatwg-encoding@2.0.0:
    resolution: {integrity: sha512-p41ogyeMUrw3jWclHWTQg1k05DSVXPLcVxRTYsXUk+ZooOCZLcoYgPZ/HL/D/N+uQPOtcp1me1WhBEaX02mhWg==}
    engines: {node: '>=12'}
    deprecated: Use @exodus/bytes instead for a more spec-conformant and faster implementation

snapshots:

  '@types/node@24.13.6':
    dependencies:
      undici-types: 7.18.2

  '@types/prop-types@15.7.15': {}

  '@types/react-dom@18.3.5(@types/react@18.3.18)':
    dependencies:
      '@types/react': 18.3.18

  '@types/react-dom@19.2.3(@types/react@19.2.17)':
    dependencies:
      '@types/react': 19.2.17

  '@types/react@18.3.18':
    dependencies:
      '@types/prop-types': 15.7.15
      csstype: 3.2.3

  '@types/react@19.2.17':
    dependencies:
      csstype: 3.2.3

  ansi-styles@4.3.0:
    dependencies:
      color-convert: 2.0.1

  async@3.2.6: {}

  basic-auth@2.0.1:
    dependencies:
      safe-buffer: 5.1.2

  call-bind-apply-helpers@1.0.2:
    dependencies:
      es-errors: 1.3.0
      function-bind: 1.1.2

  call-bound@1.0.4:
    dependencies:
      call-bind-apply-helpers: 1.0.2
      get-intrinsic: 1.3.0

  chalk@4.1.2:
    dependencies:
      ansi-styles: 4.3.0
      supports-color: 7.2.0

  color-convert@2.0.1:
    dependencies:
      color-name: 1.1.4

  color-name@1.1.4: {}

  cookie@1.1.1: {}

  corser@2.0.1: {}

  csstype@3.2.3: {}

  debug@4.4.3:
    dependencies:
      ms: 2.1.3

  dunder-proto@1.0.1:
    dependencies:
      call-bind-apply-helpers: 1.0.2
      es-errors: 1.3.0
      gopd: 1.2.0

  es-define-property@1.0.1: {}

  es-errors@1.3.0: {}

  es-object-atoms@1.1.2:
    dependencies:
      es-errors: 1.3.0

  eventemitter3@4.0.7: {}

  follow-redirects@1.16.0: {}

  function-bind@1.1.2: {}

  get-intrinsic@1.3.0:
    dependencies:
      call-bind-apply-helpers: 1.0.2
      es-define-property: 1.0.1
      es-errors: 1.3.0
      es-object-atoms: 1.1.2
      function-bind: 1.1.2
      get-proto: 1.0.1
      gopd: 1.2.0
      has-symbols: 1.1.0
      hasown: 2.0.4
      math-intrinsics: 1.1.0

  get-proto@1.0.1:
    dependencies:
      dunder-proto: 1.0.1
      es-object-atoms: 1.1.2

  gopd@1.2.0: {}

  has-flag@4.0.0: {}

  has-symbols@1.1.0: {}

  hasown@2.0.4:
    dependencies:
      function-bind: 1.1.2

  he@1.2.0: {}

  html-encoding-sniffer@3.0.0:
    dependencies:
      whatwg-encoding: 2.0.0

  http-proxy@1.18.1:
    dependencies:
      eventemitter3: 4.0.7
      follow-redirects: 1.16.0
      requires-port: 1.0.0
    transitivePeerDependencies:
      - debug

  http-server@14.1.1:
    dependencies:
      basic-auth: 2.0.1
      chalk: 4.1.2
      corser: 2.0.1
      he: 1.2.0
      html-encoding-sniffer: 3.0.0
      http-proxy: 1.18.1
      mime: 1.6.0
      minimist: 1.2.8
      opener: 1.5.2
      portfinder: 1.0.38
      secure-compare: 3.0.1
      union: 0.5.0
      url-join: 4.0.1
    transitivePeerDependencies:
      - debug
      - supports-color

  iconv-lite@0.6.3:
    dependencies:
      safer-buffer: 2.1.2

  js-tokens@4.0.0: {}

  loose-envify@1.4.0:
    dependencies:
      js-tokens: 4.0.0

  math-intrinsics@1.1.0: {}

  mime@1.6.0: {}

  minimist@1.2.8: {}

  ms@2.1.3: {}

  object-inspect@1.13.4: {}

  opener@1.5.2: {}

  portfinder@1.0.38:
    dependencies:
      async: 3.2.6
      debug: 4.4.3
    transitivePeerDependencies:
      - supports-color

  qs@6.16.0:
    dependencies:
      es-define-property: 1.0.1
      side-channel: 1.1.1

  react-dom@18.3.1(react@18.3.1):
    dependencies:
      loose-envify: 1.4.0
      react: 18.3.1
      scheduler: 0.23.2

  react-dom@19.2.8(react@19.2.8):
    dependencies:
      react: 19.2.8
      scheduler: 0.27.0

  react-router-dom@7.15.0(react-dom@18.3.1(react@18.3.1))(react@18.3.1):
    dependencies:
      react: 18.3.1
      react-dom: 18.3.1(react@18.3.1)
      react-router: 7.15.0(react-dom@18.3.1(react@18.3.1))(react@18.3.1)

  react-router-dom@7.15.0(react-dom@19.2.8(react@19.2.8))(react@19.2.8):
    dependencies:
      react: 19.2.8
      react-dom: 19.2.8(react@19.2.8)
      react-router: 7.15.0(react-dom@19.2.8(react@19.2.8))(react@19.2.8)

  react-router@7.15.0(react-dom@18.3.1(react@18.3.1))(react@18.3.1):
    dependencies:
      cookie: 1.1.1
      react: 18.3.1
      set-cookie-parser: 2.7.2
    optionalDependencies:
      react-dom: 18.3.1(react@18.3.1)

  react-router@7.15.0(react-dom@19.2.8(react@19.2.8))(react@19.2.8):
    dependencies:
      cookie: 1.1.1
      react: 19.2.8
      set-cookie-parser: 2.7.2
    optionalDependencies:
      react-dom: 19.2.8(react@19.2.8)

  react@18.3.1:
    dependencies:
      loose-envify: 1.4.0

  react@19.2.8: {}

  requires-port@1.0.0: {}

  safe-buffer@5.1.2: {}

  safer-buffer@2.1.2: {}

  scheduler@0.23.2:
    dependencies:
      loose-envify: 1.4.0

  scheduler@0.27.0: {}

  secure-compare@3.0.1: {}

  set-cookie-parser@2.7.2: {}

  side-channel-list@1.0.1:
    dependencies:
      es-errors: 1.3.0
      object-inspect: 1.13.4

  side-channel-map@1.0.1:
    dependencies:
      call-bound: 1.0.4
      es-errors: 1.3.0
      get-intrinsic: 1.3.0
      object-inspect: 1.13.4

  side-channel-weakmap@1.0.2:
    dependencies:
      call-bound: 1.0.4
      es-errors: 1.3.0
      get-intrinsic: 1.3.0
      object-inspect: 1.13.4
      side-channel-map: 1.0.1

  side-channel@1.1.1:
    dependencies:
      es-errors: 1.3.0
      object-inspect: 1.13.4
      side-channel-list: 1.0.1
      side-channel-map: 1.0.1
      side-channel-weakmap: 1.0.2

  supports-color@7.2.0:
    dependencies:
      has-flag: 4.0.0

  typescript@5.8.3: {}

  undici-types@7.18.2: {}

  union@0.5.0:
    dependencies:
      qs: 6.16.0

  url-join@4.0.1: {}

  whatwg-encoding@2.0.0:
    dependencies:
      iconv-lite: 0.6.3
